// !$*UTF8*$!
{
	archiveVersion = 1;
	classes = {
	};
	objectVersion = 50;
	objects = {

/* Begin PBXBuildFile section */
		1028B4B320D044960019D93F /* HomeViewController.swift in Sources */ = {isa = PBXBuildFile; fileRef = 1028B4B220D044960019D93F /* HomeViewController.swift */; };
		1028B4B520D05CB10019D93F /* ProfileViewController.swift in Sources */ = {isa = PBXBuildFile; fileRef = 1028B4B420D05CB10019D93F /* ProfileViewController.swift */; };
		10307EE220CE9D5700293984 /* AppDelegate.swift in Sources */ = {isa = PBXBuildFile; fileRef = 10307EE120CE9D5700293984 /* AppDelegate.swift */; };
		10307EE420CE9D5700293984 /* ViewController.swift in Sources */ = {isa = PBXBuildFile; fileRef = 10307EE320CE9D5700293984 /* ViewController.swift */; };
		10307EE720CE9D5700293984 /* Main.storyboard in Resources */ = {isa = PBXBuildFile; fileRef = 10307EE520CE9D5700293984 /* Main.storyboard */; };
		10307EEA20CE9D5700293984 /* WeightSayin.xcdatamodeld in Sources */ = {isa = PBXBuildFile; fileRef = 10307EE820CE9D5700293984 /* WeightSayin.xcdatamodeld */; };
		10307EEC20CE9D5F00293984 /* Assets.xcassets in Resources */ = {isa = PBXBuildFile; fileRef = 10307EEB20CE9D5F00293984 /* Assets.xcassets */; };
		10307EEF20CE9D5F00293984 /* LaunchScreen.storyboard in Resources */ = {isa = PBXBuildFile; fileRef = 10307EED20CE9D5F00293984 /* LaunchScreen.storyboard */; };
		10307EFC20CE9E6900293984 /* Gradaient effect.swift in Sources */ = {isa = PBXBuildFile; fileRef = 10307EFB20CE9E6900293984 /* Gradaient effect.swift */; };
		10307EFE20CEA08600293984 /* DateWeightTableViewCell.swift in Sources */ = {isa = PBXBuildFile; fileRef = 10307EFD20CEA08600293984 /* DateWeightTableViewCell.swift */; };
		10307F0020CEA0E200293984 /* Constants.swift in Sources */ = {isa = PBXBuildFile; fileRef = 10307EFF20CEA0E200293984 /* Constants.swift */; };
		10307F0220CEA24500293984 /* Settings.swift in Sources */ = {isa = PBXBuildFile; fileRef = 10307F0120CEA24500293984 /* Settings.swift */; };
		10307F0420CEA30800293984 /* Data.swift in Sources */ = {isa = PBXBuildFile; fileRef = 10307F0320CEA30800293984 /* Data.swift */; };
		10307F0620CF057600293984 /* PersistenceService.swift in Sources */ = {isa = PBXBuildFile; fileRef = 10307F0520CF057600293984 /* PersistenceService.swift */; };
		10307F0920CF167C00293984 /* Entry+CoreDataClass.swift in Sources */ = {isa = PBXBuildFile; fileRef = 10307F0720CF167C00293984 /* Entry+CoreDataClass.swift */; };
		10307F0A20CF167C00293984 /* Entry+CoreDataProperties.swift in Sources */ = {isa = PBXBuildFile; fileRef = 10307F0820CF167C00293984 /* Entry+CoreDataProperties.swift */; };
		104E11AD20D18389000E9A39 /* Profile+CoreDataClass.swift in Sources */ = {isa = PBXBuildFile; fileRef = 104E11AB20D18389000E9A39 /* Profile+CoreDataClass.swift */; };
		104E11AE20D18389000E9A39 /* Profile+CoreDataProperties.swift in Sources */ = {isa = PBXBuildFile; fileRef = 104E11AC20D18389000E9A39 /* Profile+CoreDataProperties.swift */; };
		107E589420E2CB5700696023 /* AboutViewController.swift in Sources */ = {isa = PBXBuildFile; fileRef = 107E589320E2CB5700696023 /* AboutViewController.swift */; };
		10C291A120D80B5400BF66AD /* CircularProgressView.swift in Sources */ = {isa = PBXBuildFile; fileRef = 10C291A020D80B5400BF66AD /* CircularProgressView.swift */; };
		10C291A320D9357500BF66AD /* SettingsTableViewCell.swift in Sources */ = {isa = PBXBuildFile; fileRef = 10C291A220D9357500BF66AD /* SettingsTableViewCell.swift */; };
		10C291A520D9376900BF66AD /* SettingsViewController.swift in Sources */ = {isa = PBXBuildFile; fileRef = 10C291A420D9376900BF66AD /* SettingsViewController.swift */; };
		10C291A720D9954900BF66AD /* SettingsCollectionViewCell.swift in Sources */ = {isa = PBXBuildFile; fileRef = 10C291A620D9954900BF66AD /* SettingsCollectionViewCell.swift */; };
		10C291A920D996FC00BF66AD /* SocialMedia.swift in Sources */ = {isa = PBXBuildFile; fileRef = 10C291A820D996FC00BF66AD /* SocialMedia.swift */; };
		10C291AC20D99E5600BF66AD /* StoreKit.framework in Frameworks */ = {isa = PBXBuildFile; fileRef = 10C291AB20D99E5600BF66AD /* StoreKit.framework */; };
/* End PBXBuildFile section */

/* Begin PBXFileReference section */
		1028B4B220D044960019D93F /* HomeViewController.swift */ = {isa = PBXFileReference; lastKnownFileType = sourcecode.swift; path = HomeViewController.swift; sourceTree = "<group>"; };
		1028B4B420D05CB10019D93F /* ProfileViewController.swift */ = {isa = PBXFileReference; lastKnownFileType = sourcecode.swift; path = ProfileViewController.swift; sourceTree = "<group>"; };
		10307EDE20CE9D5700293984 /* WeightSayin.app */ = {isa = PBXFileReference; explicitFileType = wrapper.application; includeInIndex = 0; path = WeightSayin.app; sourceTree = BUILT_PRODUCTS_DIR; };
		10307EE120CE9D5700293984 /* AppDelegate.swift */ = {isa = PBXFileReference; lastKnownFileType = sourcecode.swift; path = AppDelegate.swift; sourceTree = "<group>"; };
		10307EE320CE9D5700293984 /* ViewController.swift */ = {isa = PBXFileReference; lastKnownFileType = sourcecode.swift; path = ViewController.swift; sourceTree = "<group>"; };
		10307EE620CE9D5700293984 /* Base */ = {isa = PBXFileReference; lastKnownFileType = file.storyboard; name = Base; path = Base.lproj/Main.storyboard; sourceTree = "<group>"; };
		10307EE920CE9D5700293984 /* WeightSayin.xcdatamodel */ = {isa = PBXFileReference; lastKnownFileType = wrapper.xcdatamodel; path = WeightSayin.xcdatamodel; sourceTree = "<group>"; };
		10307EEB20CE9D5F00293984 /* Assets.xcassets */ = {isa = PBXFileReference; lastKnownFileType = folder.assetcatalog; path = Assets.xcassets; sourceTree = "<group>"; };
		10307EEE20CE9D5F00293984 /* Base */ = {isa = PBXFileReference; lastKnownFileType = file.storyboard; name = Base; path = Base.lproj/LaunchScreen.storyboard; sourceTree = "<group>"; };
		10307EF020CE9D5F00293984 /* Info.plist */ = {isa = PBXFileReference; lastKnownFileType = text.plist.xml; path = Info.plist; sourceTree = "<group>"; };
		10307EFB20CE9E6900293984 /* Gradaient effect.swift */ = {isa = PBXFileReference; lastKnownFileType = sourcecode.swift; path = "Gradaient effect.swift"; sourceTree = "<group>"; };
		10307EFD20CEA08600293984 /* DateWeightTableViewCell.swift */ = {isa = PBXFileReference; lastKnownFileType = sourcecode.swift; path = DateWeightTableViewCell.swift; sourceTree = "<group>"; };
		10307EFF20CEA0E200293984 /* Constants.swift */ = {isa = PBXFileReference; lastKnownFileType = sourcecode.swift; path = Constants.swift; sourceTree = "<group>"; };
		10307F0120CEA24500293984 /* Settings.swift */ = {isa = PBXFileReference; lastKnownFileType = sourcecode.swift; path = Settings.swift; sourceTree = "<group>"; };
		10307F0320CEA30800293984 /* Data.swift */ = {isa = PBXFileReference; lastKnownFileType = sourcecode.swift; path = Data.swift; sourceTree = "<group>"; };
		10307F0520CF057600293984 /* PersistenceService.swift */ = {isa = PBXFileReference; lastKnownFileType = sourcecode.swift; path = PersistenceService.swift; sourceTree = "<group>"; };
		10307F0720CF167C00293984 /* Entry+CoreDataClass.swift */ = {isa = PBXFileReference; lastKnownFileType = sourcecode.swift; path = "Entry+CoreDataClass.swift"; sourceTree = "<group>"; };
		10307F0820CF167C00293984 /* Entry+CoreDataProperties.swift */ = {isa = PBXFileReference; lastKnownFileType = sourcecode.swift; path = "Entry+CoreDataProperties.swift"; sourceTree = "<group>"; };
		104E11AB20D18389000E9A39 /* Profile+CoreDataClass.swift */ = {isa = PBXFileReference; lastKnownFileType = sourcecode.swift; path = "Profile+CoreDataClass.swift"; sourceTree = "<group>"; };
		104E11AC20D18389000E9A39 /* Profile+CoreDataProperties.swift */ = {isa = PBXFileReference; lastKnownFileType = sourcecode.swift; path = "Profile+CoreDataProperties.swift"; sourceTree = "<group>"; };
		107E589320E2CB5700696023 /* AboutViewController.swift */ = {isa = PBXFileReference; lastKnownFileType = sourcecode.swift; path = AboutViewController.swift; sourceTree = "<group>"; };
		10C291A020D80B5400BF66AD /* CircularProgressView.swift */ = {isa = PBXFileReference; lastKnownFileType = sourcecode.swift; path = CircularProgressView.swift; sourceTree = "<group>"; };
		10C291A220D9357500BF66AD /* SettingsTableViewCell.swift */ = {isa = PBXFileReference; lastKnownFileType = sourcecode.swift; path = SettingsTableViewCell.swift; sourceTree = "<group>"; };
		10C291A420D9376900BF66AD /* SettingsViewController.swift */ = {isa = PBXFileReference; lastKnownFileType = sourcecode.swift; path = SettingsViewController.swift; sourceTree = "<group>"; };
		10C291A620D9954900BF66AD /* SettingsCollectionViewCell.swift */ = {isa = PBXFileReference; lastKnownFileType = sourcecode.swift; path = SettingsCollectionViewCell.swift; sourceTree = "<group>"; };
		10C291A820D996FC00BF66AD /* SocialMedia.swift */ = {isa = PBXFileReference; lastKnownFileType = sourcecode.swift; path = SocialMedia.swift; sourceTree = "<group>"; };
		10C291AB20D99E5600BF66AD /* StoreKit.framework */ = {isa = PBXFileReference; lastKnownFileType = wrapper.framework; name = StoreKit.framework; path = System/Library/Frameworks/StoreKit.framework; sourceTree = SDKROOT; };
/* End PBXFileReference section */

/* Begin PBXFrameworksBuildPhase section */
		10307EDB20CE9D5700293984 /* Frameworks */ = {
			isa = PBXFrameworksBuildPhase;
			buildActionMask = 2147483647;
			files = (
				10C291AC20D99E5600BF66AD /* StoreKit.framework in Frameworks */,
			);
			runOnlyForDeploymentPostprocessing = 0;
		};
/* End PBXFrameworksBuildPhase section */

/* Begin PBXGroup section */
		10307ED520CE9D5600293984 = {
			isa = PBXGroup;
			children = (
				10307EE020CE9D5700293984 /* WeightSayin */,
				10307EDF20CE9D5700293984 /* Products */,
				10C291AA20D99E5600BF66AD /* Frameworks */,
			);
			sourceTree = "<group>";
		};
		10307EDF20CE9D5700293984 /* Products */ = {
			isa = PBXGroup;
			children = (
				10307EDE20CE9D5700293984 /* WeightSayin.app */,
			);
			name = Products;
			sourceTree = "<group>";
		};
		10307EE020CE9D5700293984 /* WeightSayin */ = {
			isa = PBXGroup;
			children = (
				104E11AB20D18389000E9A39 /* Profile+CoreDataClass.swift */,
				104E11AC20D18389000E9A39 /* Profile+CoreDataProperties.swift */,
				10307F0720CF167C00293984 /* Entry+CoreDataClass.swift */,
				10307F0820CF167C00293984 /* Entry+CoreDataProperties.swift */,
				10307EF620CE9DCB00293984 /* Extensions */,
				10307EF720CE9DDF00293984 /* Data Service */,
				10307EF820CE9DFE00293984 /* Model */,
				10307EFA20CE9E1500293984 /* Controllers */,
				10307EF920CE9E0400293984 /* Views */,
				10307EE120CE9D5700293984 /* AppDelegate.swift */,
				10307EE520CE9D5700293984 /* Main.storyboard */,
				10307EEB20CE9D5F00293984 /* Assets.xcassets */,
				10307EED20CE9D5F00293984 /* LaunchScreen.storyboard */,
				10307EF020CE9D5F00293984 /* Info.plist */,
				10307EE820CE9D5700293984 /* WeightSayin.xcdatamodeld */,
			);
			path = WeightSayin;
			sourceTree = "<group>";
		};
		10307EF620CE9DCB00293984 /* Extensions */ = {
			isa = PBXGroup;
			children = (
				10307EFB20CE9E6900293984 /* Gradaient effect.swift */,
				10C291A020D80B5400BF66AD /* CircularProgressView.swift */,
			);
			path = Extensions;
			sourceTree = "<group>";
		};
		10307EF720CE9DDF00293984 /* Data Service */ = {
			isa = PBXGroup;
			children = (
				10307EFF20CEA0E200293984 /* Constants.swift */,
				10307F0320CEA30800293984 /* Data.swift */,
				10307F0520CF057600293984 /* PersistenceService.swift */,
			);
			path = "Data Service";
			sourceTree = "<group>";
		};
		10307EF820CE9DFE00293984 /* Model */ = {
			isa = PBXGroup;
			children = (
				10307F0120CEA24500293984 /* Settings.swift */,
				10C291A820D996FC00BF66AD /* SocialMedia.swift */,
			);
			path = Model;
			sourceTree = "<group>";
		};
		10307EF920CE9E0400293984 /* Views */ = {
			isa = PBXGroup;
			children = (
				10307EFD20CEA08600293984 /* DateWeightTableViewCell.swift */,
				10C291A220D9357500BF66AD /* SettingsTableViewCell.swift */,
				10C291A620D9954900BF66AD /* SettingsCollectionViewCell.swift */,
			);
			path = Views;
			sourceTree = "<group>";
		};
		10307EFA20CE9E1500293984 /* Controllers */ = {
			isa = PBXGroup;
			children = (
				1028B4B220D044960019D93F /* HomeViewController.swift */,
				10307EE320CE9D5700293984 /* ViewController.swift */,
				1028B4B420D05CB10019D93F /* ProfileViewController.swift */,
				10C291A420D9376900BF66AD /* SettingsViewController.swift */,
				107E589320E2CB5700696023 /* AboutViewController.swift */,
			);
			path = Controllers;
			sourceTree = "<group>";
		};
		10C291AA20D99E5600BF66AD /* Frameworks */ = {
			isa = PBXGroup;
			children = (
				10C291AB20D99E5600BF66AD /* StoreKit.framework */,
			);
			name = Frameworks;
			sourceTree = "<group>";
		};
/* End PBXGroup section */

/* Begin PBXNativeTarget section */
		10307EDD20CE9D5700293984 /* WeightSayin */ = {
			isa = PBXNativeTarget;
			buildConfigurationList = 10307EF320CE9D5F00293984 /* Build configuration list for PBXNativeTarget "WeightSayin" */;
			buildPhases = (
				10307EDA20CE9D5700293984 /* Sources */,
				10307EDB20CE9D5700293984 /* Frameworks */,
				10307EDC20CE9D5700293984 /* Resources */,
			);
			buildRules = (
			);
			dependencies = (
			);
			name = WeightSayin;
			productName = WeightSayin;
			productReference = 10307EDE20CE9D5700293984 /* WeightSayin.app */;
			productType = "com.apple.product-type.application";
		};
/* End PBXNativeTarget section */

/* Begin PBXProject section */
		10307ED620CE9D5600293984 /* Project object */ = {
			isa = PBXProject;
			attributes = {
				LastSwiftUpdateCheck = 0940;
				LastUpgradeCheck = 0940;
				ORGANIZATIONNAME = "Jason Chalkley";
				TargetAttributes = {
					10307EDD20CE9D5700293984 = {
						CreatedOnToolsVersion = 9.4;
						SystemCapabilities = {
							com.apple.InAppPurchase = {
								enabled = 1;
							};
						};
					};
				};
			};
			buildConfigurationList = 10307ED920CE9D5600293984 /* Build configuration list for PBXProject "WeightSayin" */;
			compatibilityVersion = "Xcode 9.3";
			developmentRegion = en;
			hasScannedForEncodings = 0;
			knownRegions = (
				en,
				Base,
			);
			mainGroup = 10307ED520CE9D5600293984;
			productRefGroup = 10307EDF20CE9D5700293984 /* Products */;
			projectDirPath = "";
			projectRoot = "";
			targets = (
				10307EDD20CE9D5700293984 /* WeightSayin */,
			);
		};
/* End PBXProject section */

/* Begin PBXResourcesBuildPhase section */
		10307EDC20CE9D5700293984 /* Resources */ = {
			isa = PBXResourcesBuildPhase;
			buildActionMask = 2147483647;
			files = (
				10307EEF20CE9D5F00293984 /* LaunchScreen.storyboard in Resources */,
				10307EEC20CE9D5F00293984 /* Assets.xcassets in Resources */,
				10307EE720CE9D5700293984 /* Main.storyboard in Resources */,
			);
			runOnlyForDeploymentPostprocessing = 0;
		};
/* End PBXResourcesBuildPhase section */

/* Begin PBXSourcesBuildPhase section */
		10307EDA20CE9D5700293984 /* Sources */ = {
			isa = PBXSourcesBuildPhase;
			buildActionMask = 2147483647;
			files = (
				10C291A720D9954900BF66AD /* SettingsCollectionViewCell.swift in Sources */,
				10307EE420CE9D5700293984 /* ViewController.swift in Sources */,
				107E589420E2CB5700696023 /* AboutViewController.swift in Sources */,
				10307EFC20CE9E6900293984 /* Gradaient effect.swift in Sources */,
				10307EE220CE9D5700293984 /* AppDelegate.swift in Sources */,
				10307EEA20CE9D5700293984 /* WeightSayin.xcdatamodeld in Sources */,
				10307F0A20CF167C00293984 /* Entry+CoreDataProperties.swift in Sources */,
				1028B4B320D044960019D93F /* HomeViewController.swift in Sources */,
				10307EFE20CEA08600293984 /* DateWeightTableViewCell.swift in Sources */,
				104E11AE20D18389000E9A39 /* Profile+CoreDataProperties.swift in Sources */,
				10307F0020CEA0E200293984 /* Constants.swift in Sources */,
				10307F0220CEA24500293984 /* Settings.swift in Sources */,
				10C291A120D80B5400BF66AD /* CircularProgressView.swift in Sources */,
				10C291A320D9357500BF66AD /* SettingsTableViewCell.swift in Sources */,
				104E11AD20D18389000E9A39 /* Profile+CoreDataClass.swift in Sources */,
				10307F0620CF057600293984 /* PersistenceService.swift in Sources */,
				1028B4B520D05CB10019D93F /* ProfileViewController.swift in Sources */,
				10307F0920CF167C00293984 /* Entry+CoreDataClass.swift in Sources */,
				10307F0420CEA30800293984 /* Data.swift in Sources */,
				10C291A520D9376900BF66AD /* SettingsViewController.swift in Sources */,
				10C291A920D996FC00BF66AD /* SocialMedia.swift in Sources */,
			);
			runOnlyForDeploymentPostprocessing = 0;
		};
/* End PBXSourcesBuildPhase section */

/* Begin PBXVariantGroup section */
		10307EE520CE9D5700293984 /* Main.storyboard */ = {
			isa = PBXVariantGroup;
			children = (
				10307EE620CE9D5700293984 /* Base */,
			);
			name = Main.storyboard;
			sourceTree = "<group>";
		};
		10307EED20CE9D5F00293984 /* LaunchScreen.storyboard */ = {
			isa = PBXVariantGroup;
			children = (
				10307EEE20CE9D5F00293984 /* Base */,
			);
			name = LaunchScreen.storyboard;
			sourceTree = "<group>";
		};
/* End PBXVariantGroup section */

/* Begin XCBuildConfiguration section */
		10307EF120CE9D5F00293984 /* Debug */ = {
			isa = XCBuildConfiguration;
			buildSettings = {
				ALWAYS_SEARCH_USER_PATHS = NO;
				CLANG_ANALYZER_NONNULL = YES;
				CLANG_ANALYZER_NUMBER_OBJECT_CONVERSION = YES_AGGRESSIVE;
				CLANG_CXX_LANGUAGE_STANDARD = "gnu++14";
				CLANG_CXX_LIBRARY = "libc++";
				CLANG_ENABLE_MODULES = YES;
				CLANG_ENABLE_OBJC_ARC = YES;
				CLANG_ENABLE_OBJC_WEAK = YES;
				CLANG_WARN_BLOCK_CAPTURE_AUTORELEASING = YES;
				CLANG_WARN_BOOL_CONVERSION = YES;
				CLANG_WARN_COMMA = YES;
				CLANG_WARN_CONSTANT_CONVERSION = YES;
				CLANG_WARN_DEPRECATED_OBJC_IMPLEMENTATIONS = YES;
				CLANG_WARN_DIRECT_OBJC_ISA_USAGE = YES_ERROR;
				CLANG_WARN_DOCUMENTATION_COMMENTS = YES;
				CLANG_WARN_EMPTY_BODY = YES;
				CLANG_WARN_ENUM_CONVERSION = YES;
				CLANG_WARN_INFINITE_RECURSION = YES;
				CLANG_WARN_INT_CONVERSION = YES;
				CLANG_WARN_NON_LITERAL_NULL_CONVERSION = YES;
				CLANG_WARN_OBJC_IMPLICIT_RETAIN_SELF = YES;
				CLANG_WARN_OBJC_LITERAL_CONVERSION = YES;
				CLANG_WARN_OBJC_ROOT_CLASS = YES_ERROR;
				CLANG_WARN_RANGE_LOOP_ANALYSIS = YES;
				CLANG_WARN_STRICT_PROTOTYPES = YES;
				CLANG_WARN_SUSPICIOUS_MOVE = YES;
				CLANG_WARN_UNGUARDED_AVAILABILITY = YES_AGGRESSIVE;
				CLANG_WARN_UNREACHABLE_CODE = YES;
				CLANG_WARN__DUPLICATE_METHOD_MATCH = YES;
				CODE_SIGN_IDENTITY = "iPhone Developer";
				COPY_PHASE_STRIP = NO;
				DEBUG_INFORMATION_FORMAT = dwarf;
				ENABLE_STRICT_OBJC_MSGSEND = YES;
				ENABLE_TESTABILITY = YES;
				GCC_C_LANGUAGE_STANDARD = gnu11;
				GCC_DYNAMIC_NO_PIC = NO;
				GCC_NO_COMMON_BLOCKS = YES;
				GCC_OPTIMIZATION_LEVEL = 0;
				GCC_PREPROCESSOR_DEFINITIONS = (
					"DEBUG=1",
					"$(inherited)",
				);
				GCC_WARN_64_TO_32_BIT_CONVERSION = YES;
				GCC_WARN_ABOUT_RETURN_TYPE = YES_ERROR;
				GCC_WARN_UNDECLARED_SELECTOR = YES;
				GCC_WARN_UNINITIALIZED_AUTOS = YES_AGGRESSIVE;
				GCC_WARN_UNUSED_FUNCTION = YES;
				GCC_WARN_UNUSED_VARIABLE = YES;
				IPHONEOS_DEPLOYMENT_TARGET = 11.4;
				MTL_ENABLE_DEBUG_INFO = YES;
				ONLY_ACTIVE_ARCH = YES;
				SDKROOT = iphoneos;
				SWIFT_ACTIVE_COMPILATION_CONDITIONS = DEBUG;
				SWIFT_OPTIMIZATION_LEVEL = "-Onone";
			};
			name = Debug;
		};
		10307EF220CE9D5F00293984 /* Release */ = {
			isa = XCBuildConfiguration;
			buildSettings = {
				ALWAYS_SEARCH_USER_PATHS = NO;
				CLANG_ANALYZER_NONNULL = YES;
				CLANG_ANALYZER_NUMBER_OBJECT_CONVERSION = YES_AGGRESSIVE;
				CLANG_CXX_LANGUAGE_STANDARD = "gnu++14";
				CLANG_CXX_LIBRARY = "libc++";
				CLANG_ENABLE_MODULES = YES;
				CLANG_ENABLE_OBJC_ARC = YES;
				CLANG_ENABLE_OBJC_WEAK = YES;
				CLANG_WARN_BLOCK_CAPTURE_AUTORELEASING = YES;
				CLANG_WARN_BOOL_CONVERSION = YES;
				CLANG_WARN_COMMA = YES;
				CLANG_WARN_CONSTANT_CONVERSION = YES;
				CLANG_WARN_DEPRECATED_OBJC_IMPLEMENTATIONS = YES;
				CLANG_WARN_DIRECT_OBJC_ISA_USAGE = YES_ERROR;
				CLANG_WARN_DOCUMENTATION_COMMENTS = YES;
				CLANG_WARN_EMPTY_BODY = YES;
				CLANG_WARN_ENUM_CONVERSION = YES;
				CLANG_WARN_INFINITE_RECURSION = YES;
				CLANG_WARN_INT_CONVERSION = YES;
				CLANG_WARN_NON_LITERAL_NULL_CONVERSION = YES;
				CLANG_WARN_OBJC_IMPLICIT_RETAIN_SELF = YES;
				CLANG_WARN_OBJC_LITERAL_CONVERSION = YES;
				CLANG_WARN_OBJC_ROOT_CLASS = YES_ERROR;
				CLANG_WARN_RANGE_LOOP_ANALYSIS = YES;
				CLANG_WARN_STRICT_PROTOTYPES = YES;
				CLANG_WARN_SUSPICIOUS_MOVE = YES;
				CLANG_WARN_UNGUARDED_AVAILABILITY = YES_AGGRESSIVE;
				CLANG_WARN_UNREACHABLE_CODE = YES;
				CLANG_WARN__DUPLICATE_METHOD_MATCH = YES;
				CODE_SIGN_IDENTITY = "iPhone Developer";
				COPY_PHASE_STRIP = NO;
				DEBUG_INFORMATION_FORMAT = "dwarf-with-dsym";
				ENABLE_NS_ASSERTIONS = NO;
				ENABLE_STRICT_OBJC_MSGSEND = YES;
				GCC_C_LANGUAGE_STANDARD = gnu11;
				GCC_NO_COMMON_BLOCKS = YES;
				GCC_WARN_64_TO_32_BIT_CONVERSION = YES;
				GCC_WARN_ABOUT_RETURN_TYPE = YES_ERROR;
				GCC_WARN_UNDECLARED_SELECTOR = YES;
				GCC_WARN_UNINITIALIZED_AUTOS = YES_AGGRESSIVE;
				GCC_WARN_UNUSED_FUNCTION = YES;
				GCC_WARN_UNUSED_VARIABLE = YES;
				IPHONEOS_DEPLOYMENT_TARGET = 11.4;
				MTL_ENABLE_DEBUG_INFO = NO;
				SDKROOT = iphoneos;
				SWIFT_COMPILATION_MODE = wholemodule;
				SWIFT_OPTIMIZATION_LEVEL = "-O";
				VALIDATE_PRODUCT = YES;
			};
			name = Release;
		};
		10307EF420CE9D5F00293984 /* Debug */ = {
			isa = XCBuildConfiguration;
			buildSettings = {
				ASSETCATALOG_COMPILER_APPICON_NAME = AppIcon;
				CODE_SIGN_STYLE = Automatic;
				DEVELOPMENT_TEAM = 7WF5SPM8DB;
				INFOPLIST_FILE = WeightSayin/Info.plist;
				LD_RUNPATH_SEARCH_PATHS = (
					"$(inherited)",
					"@executable_path/Frameworks",
				);
				PRODUCT_BUNDLE_IDENTIFIER = Future.WeightSayin;
				PRODUCT_NAME = "$(TARGET_NAME)";
				SWIFT_VERSION = 4.0;
				TARGETED_DEVICE_FAMILY = "1,2";
			};
			name = Debug;
		};
		10307EF520CE9D5F00293984 /* Release */ = {
			isa = XCBuildConfiguration;
			buildSettings = {
				ASSETCATALOG_COMPILER_APPICON_NAME = AppIcon;
				CODE_SIGN_STYLE = Automatic;
				DEVELOPMENT_TEAM = 7WF5SPM8DB;
				INFOPLIST_FILE = WeightSayin/Info.plist;
				LD_RUNPATH_SEARCH_PATHS = (
					"$(inherited)",
					"@executable_path/Frameworks",
				);
				PRODUCT_BUNDLE_IDENTIFIER = Future.WeightSayin;
				PRODUCT_NAME = "$(TARGET_NAME)";
				SWIFT_VERSION = 4.0;
				TARGETED_DEVICE_FAMILY = "1,2";
			};
			name = Release;
		};
/* End XCBuildConfiguration section */

/* Begin XCConfigurationList section */
		10307ED920CE9D5600293984 /* Build configuration list for PBXProject "WeightSayin" */ = {
			isa = XCConfigurationList;
			buildConfigurations = (
				10307EF120CE9D5F00293984 /* Debug */,
				10307EF220CE9D5F00293984 /* Release */,
			);
			defaultConfigurationIsVisible = 0;
			defaultConfigurationName = Release;
		};
		10307EF320CE9D5F00293984 /* Build configuration list for PBXNativeTarget "WeightSayin" */ = {
			isa = XCConfigurationList;
			buildConfigurations = (
				10307EF420CE9D5F00293984 /* Debug */,
				10307EF520CE9D5F00293984 /* Release */,
			);
			defaultConfigurationIsVisible = 0;
			defaultConfigurationName = Release;
		};
/* End XCConfigurationList section */

/* Begin XCVersionGroup section */
		10307EE820CE9D5700293984 /* WeightSayin.xcdatamodeld */ = {
			isa = XCVersionGroup;
			children = (
				10307EE920CE9D5700293984 /* WeightSayin.xcdatamodel */,
			);
			currentVersion = 10307EE920CE9D5700293984 /* WeightSayin.xcdatamodel */;
			path = WeightSayin.xcdatamodeld;
			sourceTree = "<group>";
			versionGroupType = wrapper.xcdatamodel;
		};
/* End XCVersionGroup section */
	};
	rootObject = 10307ED620CE9D5600293984 /* Project object */;
}
