// !$*UTF8*$!
{
	archiveVersion = 1;
	classes = {
	};
	objectVersion = 50;
	objects = {

/* Begin PBXBuildFile section */
		10307EE220CE9D5700293984 /* AppDelegate.swift in Sources */ = {isa = PBXBuildFile; fileRef = 10307EE120CE9D5700293984 /* AppDelegate.swift */; };
		10307EE420CE9D5700293984 /* ViewController.swift in Sources */ = {isa = PBXBuildFile; fileRef = 10307EE320CE9D5700293984 /* ViewController.swift */; };
		10307EE720CE9D5700293984 /* Main.storyboard in Resources */ = {isa = PBXBuildFile; fileRef = 10307EE520CE9D5700293984 /* Main.storyboard */; };
		10307EEA20CE9D5700293984 /* WeightSayin.xcdatamodeld in Sources */ = {isa = PBXBuildFile; fileRef = 10307EE820CE9D5700293984 /* WeightSayin.xcdatamodeld */; };
		10307EEC20CE9D5F00293984 /* Assets.xcassets in Resources */ = {isa = PBXBuildFile; fileRef = 10307EEB20CE9D5F00293984 /* Assets.xcassets */; };
		10307EEF20CE9D5F00293984 /* LaunchScreen.storyboard in Resources */ = {isa = PBXBuildFile; fileRef = 10307EED20CE9D5F00293984 /* LaunchScreen.storyboard */; };
/* End PBXBuildFile section */

/* Begin PBXFileReference section */
		10307EDE20CE9D5700293984 /* WeightSayin.app */ = {isa = PBXFileReference; explicitFileType = wrapper.application; includeInIndex = 0; path = WeightSayin.app; sourceTree = BUILT_PRODUCTS_DIR; };
		10307EE120CE9D5700293984 /* AppDelegate.swift */ = {isa = PBXFileReference; lastKnownFileType = sourcecode.swift; path = AppDelegate.swift; sourceTree = "<group>"; };
		10307EE320CE9D5700293984 /* ViewController.swift */ = {isa = PBXFileReference; lastKnownFileType = sourcecode.swift; path = ViewController.swift; sourceTree = "<group>"; };
		10307EE620CE9D5700293984 /* Base */ = {isa = PBXFileReference; lastKnownFileType = file.storyboard; name = Base; path = Base.lproj/Main.storyboard; sourceTree = "<group>"; };
		10307EE920CE9D5700293984 /* WeightSayin.xcdatamodel */ = {isa = PBXFileReference; lastKnownFileType = wrapper.xcdatamodel; path = WeightSayin.xcdatamodel; sourceTree = "<group>"; };
		10307EEB20CE9D5F00293984 /* Assets.xcassets */ = {isa = PBXFileReference; lastKnownFileType = folder.assetcatalog; path = Assets.xcassets; sourceTree = "<group>"; };
		10307EEE20CE9D5F00293984 /* Base */ = {isa = PBXFileReference; lastKnownFileType = file.storyboard; name = Base; path = Base.lproj/LaunchScreen.storyboard; sourceTree = "<group>"; };
		10307EF020CE9D5F00293984 /* Info.plist */ = {isa = PBXFileReference; lastKnownFileType = text.plist.xml; path = Info.plist; sourceTree = "<group>"; };
/* End PBXFileReference section */

/* Begin PBXFrameworksBuildPhase section */
		10307EDB20CE9D5700293984 /* Frameworks */ = {
			isa = PBXFrameworksBuildPhase;
			buildActionMask = 2147483647;
			files = (
			);
			runOnlyForDeploymentPostprocessing = 0;
		};
/* End PBXFrameworksBuildPhase section */

/* Begin PBXGroup section */
		10307ED520CE9D5600293984 = {
			isa = PBXGroup;
			children = (
				10307EE020CE9D5700293984 /* WeightSayin */,
				10307EDF20CE9D5700293984 /* Products */,
			);
			sourceTree = "<group>";
		};
		10307EDF20CE9D5700293984 /* Products */ = {
			isa = PBXGroup;
			children = (
				10307EDE20CE9D5700293984 /* WeightSayin.app */,
			);
			name = Products;
			sourceTree = "<group>";
		};
		10307EE020CE9D5700293984 /* WeightSayin */ = {
			isa = PBXGroup;
			children = (
				10307EE120CE9D5700293984 /* AppDelegate.swift */,
				10307EE320CE9D5700293984 /* ViewController.swift */,
				10307EE520CE9D5700293984 /* Main.storyboard */,
				10307EEB20CE9D5F00293984 /* Assets.xcassets */,
				10307EED20CE9D5F00293984 /* LaunchScreen.storyboard */,
				10307EF020CE9D5F00293984 /* Info.plist */,
				10307EE820CE9D5700293984 /* WeightSayin.xcdatamodeld */,
			);
			path = WeightSayin;
			sourceTree = "<group>";
		};
/* End PBXGroup section */

/* Begin PBXNativeTarget section */
		10307EDD20CE9D5700293984 /* WeightSayin */ = {
			isa = PBXNativeTarget;
			buildConfigurationList = 10307EF320CE9D5F00293984 /* Build configuration list for PBXNativeTarget "WeightSayin" */;
			buildPhases = (
				10307EDA20CE9D5700293984 /* Sources */,
				10307EDB20CE9D5700293984 /* Frameworks */,
				10307EDC20CE9D5700293984 /* Resources */,
			);
			buildRules = (
			);
			dependencies = (
			);
			name = WeightSayin;
			productName = WeightSayin;
			productReference = 10307EDE20CE9D5700293984 /* WeightSayin.app */;
			productType = "com.apple.product-type.application";
		};
/* End PBXNativeTarget section */

/* Begin PBXProject section */
		10307ED620CE9D5600293984 /* Project object */ = {
			isa = PBXProject;
			attributes = {
				LastSwiftUpdateCheck = 0940;
				LastUpgradeCheck = 0940;
				ORGANIZATIONNAME = "Jason Chalkley";
				TargetAttributes = {
					10307EDD20CE9D5700293984 = {
						CreatedOnToolsVersion = 9.4;
					};
				};
			};
			buildConfigurationList = 10307ED920CE9D5600293984 /* Build configuration list for PBXProject "WeightSayin" */;
			compatibilityVersion = "Xcode 9.3";
			developmentRegion = en;
			hasScannedForEncodings = 0;
			knownRegions = (
				en,
				Base,
			);
			mainGroup = 10307ED520CE9D5600293984;
			productRefGroup = 10307EDF20CE9D5700293984 /* Products */;
			projectDirPath = "";
			projectRoot = "";
			targets = (
				10307EDD20CE9D5700293984 /* WeightSayin */,
			);
		};
/* End PBXProject section */

/* Begin PBXResourcesBuildPhase section */
		10307EDC20CE9D5700293984 /* Resources */ = {
			isa = PBXResourcesBuildPhase;
			buildActionMask = 2147483647;
			files = (
				10307EEF20CE9D5F00293984 /* LaunchScreen.storyboard in Resources */,
				10307EEC20CE9D5F00293984 /* Assets.xcassets in Resources */,
				10307EE720CE9D5700293984 /* Main.storyboard in Resources */,
			);
			runOnlyForDeploymentPostprocessing = 0;
		};
/* End PBXResourcesBuildPhase section */

/* Begin PBXSourcesBuildPhase section */
		10307EDA20CE9D5700293984 /* Sources */ = {
			isa = PBXSourcesBuildPhase;
			buildActionMask = 2147483647;
			files = (
				10307EE420CE9D5700293984 /* ViewController.swift in Sources */,
				10307EE220CE9D5700293984 /* AppDelegate.swift in Sources */,
				10307EEA20CE9D5700293984 /* WeightSayin.xcdatamodeld in Sources */,
			);
			runOnlyForDeploymentPostprocessing = 0;
		};
/* End PBXSourcesBuildPhase section */

/* Begin PBXVariantGroup section */
		10307EE520CE9D5700293984 /* Main.storyboard */ = {
			isa = PBXVariantGroup;
			children = (
				10307EE620CE9D5700293984 /* Base */,
			);
			name = Main.storyboard;
			sourceTree = "<group>";
		};
		10307EED20CE9D5F00293984 /* LaunchScreen.storyboard */ = {
			isa = PBXVariantGroup;
			children = (
				10307EEE20CE9D5F00293984 /* Base */,
			);
			name = LaunchScreen.storyboard;
			sourceTree = "<group>";
		};
/* End PBXVariantGroup section */

/* Begin XCBuildConfiguration section */
		10307EF120CE9D5F00293984 /* Debug */ = {
			isa = XCBuildConfiguration;
			buildSettings = {
				ALWAYS_SEARCH_USER_PATHS = NO;
				CLANG_ANALYZER_NONNULL = YES;
				CLANG_ANALYZER_NUMBER_OBJECT_CONVERSION = YES_AGGRESSIVE;
				CLANG_CXX_LANGUAGE_STANDARD = "gnu++14";
				CLANG_CXX_LIBRARY = "libc++";
				CLANG_ENABLE_MODULES = YES;
				CLANG_ENABLE_OBJC_ARC = YES;
				CLANG_ENABLE_OBJC_WEAK = YES;
				CLANG_WARN_BLOCK_CAPTURE_AUTORELEASING = YES;
				CLANG_WARN_BOOL_CONVERSION = YES;
				CLANG_WARN_COMMA = YES;
				CLANG_WARN_CONSTANT_CONVERSION = YES;
				CLANG_WARN_DEPRECATED_OBJC_IMPLEMENTATIONS = YES;
				CLANG_WARN_DIRECT_OBJC_ISA_USAGE = YES_ERROR;
				CLANG_WARN_DOCUMENTATION_COMMENTS = YES;
				CLANG_WARN_EMPTY_BODY = YES;
				CLANG_WARN_ENUM_CONVERSION = YES;
				CLANG_WARN_INFINITE_RECURSION = YES;
				CLANG_WARN_INT_CONVERSION = YES;
				CLANG_WARN_NON_LITERAL_NULL_CONVERSION = YES;
				CLANG_WARN_OBJC_IMPLICIT_RETAIN_SELF = YES;
				CLANG_WARN_OBJC_LITERAL_CONVERSION = YES;
				CLANG_WARN_OBJC_ROOT_CLASS = YES_ERROR;
				CLANG_WARN_RANGE_LOOP_ANALYSIS = YES;
				CLANG_WARN_STRICT_PROTOTYPES = YES;
				CLANG_WARN_SUSPICIOUS_MOVE = YES;
				CLANG_WARN_UNGUARDED_AVAILABILITY = YES_AGGRESSIVE;
				CLANG_WARN_UNREACHABLE_CODE = YES;
				CLANG_WARN__DUPLICATE_METHOD_MATCH = YES;
				CODE_SIGN_IDENTITY = "iPhone Developer";
				COPY_PHASE_STRIP = NO;
				DEBUG_INFORMATION_FORMAT = dwarf;
				ENABLE_STRICT_OBJC_MSGSEND = YES;
				ENABLE_TESTABILITY = YES;
				GCC_C_LANGUAGE_STANDARD = gnu11;
				GCC_DYNAMIC_NO_PIC = NO;
				GCC_NO_COMMON_BLOCKS = YES;
				GCC_OPTIMIZATION_LEVEL = 0;
				GCC_PREPROCESSOR_DEFINITIONS = (
					"DEBUG=1",
					"$(inherited)",
				);
				GCC_WARN_64_TO_32_BIT_CONVERSION = YES;
				GCC_WARN_ABOUT_RETURN_TYPE = YES_ERROR;
				GCC_WARN_UNDECLARED_SELECTOR = YES;
				GCC_WARN_UNINITIALIZED_AUTOS = YES_AGGRESSIVE;
				GCC_WARN_UNUSED_FUNCTION = YES;
				GCC_WARN_UNUSED_VARIABLE = YES;
				IPHONEOS_DEPLOYMENT_TARGET = 11.4;
				MTL_ENABLE_DEBUG_INFO = YES;
				ONLY_ACTIVE_ARCH = YES;
				SDKROOT = iphoneos;
				SWIFT_ACTIVE_COMPILATION_CONDITIONS = DEBUG;
				SWIFT_OPTIMIZATION_LEVEL = "-Onone";
			};
			name = Debug;
		};
		10307EF220CE9D5F00293984 /* Release */ = {
			isa = XCBuildConfiguration;
			buildSettings = {
				ALWAYS_SEARCH_USER_PATHS = NO;
				CLANG_ANALYZER_NONNULL = YES;
				CLANG_ANALYZER_NUMBER_OBJECT_CONVERSION = YES_AGGRESSIVE;
				CLANG_CXX_LANGUAGE_STANDARD = "gnu++14";
				CLANG_CXX_LIBRARY = "libc++";
				CLANG_ENABLE_MODULES = YES;
				CLANG_ENABLE_OBJC_ARC = YES;
				CLANG_ENABLE_OBJC_WEAK = YES;
				CLANG_WARN_BLOCK_CAPTURE_AUTORELEASING = YES;
				CLANG_WARN_BOOL_CONVERSION = YES;
				CLANG_WARN_COMMA = YES;
				CLANG_WARN_CONSTANT_CONVERSION = YES;
				CLANG_WARN_DEPRECATED_OBJC_IMPLEMENTATIONS = YES;
				CLANG_WARN_DIRECT_OBJC_ISA_USAGE = YES_ERROR;
				CLANG_WARN_DOCUMENTATION_COMMENTS = YES;
				CLANG_WARN_EMPTY_BODY = YES;
				CLANG_WARN_ENUM_CONVERSION = YES;
				CLANG_WARN_INFINITE_RECURSION = YES;
				CLANG_WARN_INT_CONVERSION = YES;
				CLANG_WARN_NON_LITERAL_NULL_CONVERSION = YES;
				CLANG_WARN_OBJC_IMPLICIT_RETAIN_SELF = YES;
				CLANG_WARN_OBJC_LITERAL_CONVERSION = YES;
				CLANG_WARN_OBJC_ROOT_CLASS = YES_ERROR;
				CLANG_WARN_RANGE_LOOP_ANALYSIS = YES;
				CLANG_WARN_STRICT_PROTOTYPES = YES;
				CLANG_WARN_SUSPICIOUS_MOVE = YES;
				CLANG_WARN_UNGUARDED_AVAILABILITY = YES_AGGRESSIVE;
				CLANG_WARN_UNREACHABLE_CODE = YES;
				CLANG_WARN__DUPLICATE_METHOD_MATCH = YES;
				CODE_SIGN_IDENTITY = "iPhone Developer";
				COPY_PHASE_STRIP = NO;
				DEBUG_INFORMATION_FORMAT = "dwarf-with-dsym";
				ENABLE_NS_ASSERTIONS = NO;
				ENABLE_STRICT_OBJC_MSGSEND = YES;
				GCC_C_LANGUAGE_STANDARD = gnu11;
				GCC_NO_COMMON_BLOCKS = YES;
				GCC_WARN_64_TO_32_BIT_CONVERSION = YES;
				GCC_WARN_ABOUT_RETURN_TYPE = YES_ERROR;
				GCC_WARN_UNDECLARED_SELECTOR = YES;
				GCC_WARN_UNINITIALIZED_AUTOS = YES_AGGRESSIVE;
				GCC_WARN_UNUSED_FUNCTION = YES;
				GCC_WARN_UNUSED_VARIABLE = YES;
				IPHONEOS_DEPLOYMENT_TARGET = 11.4;
				MTL_ENABLE_DEBUG_INFO = NO;
				SDKROOT = iphoneos;
				SWIFT_COMPILATION_MODE = wholemodule;
				SWIFT_OPTIMIZATION_LEVEL = "-O";
				VALIDATE_PRODUCT = YES;
			};
			name = Release;
		};
		10307EF420CE9D5F00293984 /* Debug */ = {
			isa = XCBuildConfiguration;
			buildSettings = {
				ASSETCATALOG_COMPILER_APPICON_NAME = AppIcon;
				CODE_SIGN_STYLE = Automatic;
				DEVELOPMENT_TEAM = 7WF5SPM8DB;
				INFOPLIST_FILE = WeightSayin/Info.plist;
				LD_RUNPATH_SEARCH_PATHS = (
					"$(inherited)",
					"@executable_path/Frameworks",
				);
				PRODUCT_BUNDLE_IDENTIFIER = Future.WeightSayin;
				PRODUCT_NAME = "$(TARGET_NAME)";
				SWIFT_VERSION = 4.0;
				TARGETED_DEVICE_FAMILY = "1,2";
			};
			name = Debug;
		};
		10307EF520CE9D5F00293984 /* Release */ = {
			isa = XCBuildConfiguration;
			buildSettings = {
				ASSETCATALOG_COMPILER_APPICON_NAME = AppIcon;
				CODE_SIGN_STYLE = Automatic;
				DEVELOPMENT_TEAM = 7WF5SPM8DB;
				INFOPLIST_FILE = WeightSayin/Info.plist;
				LD_RUNPATH_SEARCH_PATHS = (
					"$(inherited)",
					"@executable_path/Frameworks",
				);
				PRODUCT_BUNDLE_IDENTIFIER = Future.WeightSayin;
				PRODUCT_NAME = "$(TARGET_NAME)";
				SWIFT_VERSION = 4.0;
				TARGETED_DEVICE_FAMILY = "1,2";
			};
			name = Release;
		};
/* End XCBuildConfiguration section */

/* Begin XCConfigurationList section */
		10307ED920CE9D5600293984 /* Build configuration list for PBXProject "WeightSayin" */ = {
			isa = XCConfigurationList;
			buildConfigurations = (
				10307EF120CE9D5F00293984 /* Debug */,
				10307EF220CE9D5F00293984 /* Release */,
			);
			defaultConfigurationIsVisible = 0;
			defaultConfigurationName = Release;
		};
		10307EF320CE9D5F00293984 /* Build configuration list for PBXNativeTarget "WeightSayin" */ = {
			isa = XCConfigurationList;
			buildConfigurations = (
				10307EF420CE9D5F00293984 /* Debug */,
				10307EF520CE9D5F00293984 /* Release */,
			);
			defaultConfigurationIsVisible = 0;
			defaultConfigurationName = Release;
		};
/* End XCConfigurationList section */

/* Begin XCVersionGroup section */
		10307EE820CE9D5700293984 /* WeightSayin.xcdatamodeld */ = {
			isa = XCVersionGroup;
			children = (
				10307EE920CE9D5700293984 /* WeightSayin.xcdatamodel */,
			);
			currentVersion = 10307EE920CE9D5700293984 /* WeightSayin.xcdatamodel */;
			path = WeightSayin.xcdatamodeld;
			sourceTree = "<group>";
			versionGroupType = wrapper.xcdatamodel;
		};
/* End XCVersionGroup section */
	};
	rootObject = 10307ED620CE9D5600293984 /* Project object */;
}
